
Microsoft Visual Studio Solution File, Format Version 12.00
# Visual Studio 14
VisualStudioVersion = 14.0.23107.0
MinimumVisualStudioVersion = 10.0.40219.1
Project("{FAE04EC0-301F-11D3-BF4B-00C04F79EFBC}") = "Lunia", "Lunia\Lunia.csproj", "{753A262D-C3BD-43F7-B5D5-D32BB721EE1A}"
EndProject
Project("{FAE04EC0-301F-11D3-BF4B-00C04F79EFBC}") = "LuniaAssembly", "LuniaAssembly\LuniaAssembly.csproj", "{C48EE32F-A30D-4D53-92D4-ABCE5C4B4522}"
EndProject
Project("{FAE04EC0-301F-11D3-BF4B-00C04F79EFBC}") = "LuniaServer", "LuniaServer\LuniaServer.csproj", "{8237CDA1-D031-456D-9198-5424649ECAD3}"
EndProject
Project("{FAE04EC0-301F-11D3-BF4B-00C04F79EFBC}") = "Other", "Other\Other.csproj", "{113D06F3-EA1A-49CD-B130-F694CE2E99C7}"
EndProject
Global
	GlobalSection(SolutionConfigurationPlatforms) = preSolution
		Debug|Any CPU = Debug|Any CPU
		Debug|x86 = Debug|x86
		Release|Any CPU = Release|Any CPU
		Release|x86 = Release|x86
	EndGlobalSection
	GlobalSection(ProjectConfigurationPlatforms) = postSolution
		{753A262D-C3BD-43F7-B5D5-D32BB721EE1A}.Debug|Any CPU.ActiveCfg = Debug|x86
		{753A262D-C3BD-43F7-B5D5-D32BB721EE1A}.Debug|x86.ActiveCfg = Debug|x86
		{753A262D-C3BD-43F7-B5D5-D32BB721EE1A}.Debug|x86.Build.0 = Debug|x86
		{753A262D-C3BD-43F7-B5D5-D32BB721EE1A}.Release|Any CPU.ActiveCfg = Release|x86
		{753A262D-C3BD-43F7-B5D5-D32BB721EE1A}.Release|x86.ActiveCfg = Release|x86
		{753A262D-C3BD-43F7-B5D5-D32BB721EE1A}.Release|x86.Build.0 = Release|x86
		{C48EE32F-A30D-4D53-92D4-ABCE5C4B4522}.Debug|Any CPU.ActiveCfg = Debug|Any CPU
		{C48EE32F-A30D-4D53-92D4-ABCE5C4B4522}.Debug|Any CPU.Build.0 = Debug|Any CPU
		{C48EE32F-A30D-4D53-92D4-ABCE5C4B4522}.Debug|x86.ActiveCfg = Debug|Any CPU
		{C48EE32F-A30D-4D53-92D4-ABCE5C4B4522}.Debug|x86.Build.0 = Debug|Any CPU
		{C48EE32F-A30D-4D53-92D4-ABCE5C4B4522}.Release|Any CPU.ActiveCfg = Release|Any CPU
		{C48EE32F-A30D-4D53-92D4-ABCE5C4B4522}.Release|Any CPU.Build.0 = Release|Any CPU
		{C48EE32F-A30D-4D53-92D4-ABCE5C4B4522}.Release|x86.ActiveCfg = Release|Any CPU
		{C48EE32F-A30D-4D53-92D4-ABCE5C4B4522}.Release|x86.Build.0 = Release|Any CPU
		{8237CDA1-D031-456D-9198-5424649ECAD3}.Debug|Any CPU.ActiveCfg = Debug|Any CPU
		{8237CDA1-D031-456D-9198-5424649ECAD3}.Debug|Any CPU.Build.0 = Debug|Any CPU
		{8237CDA1-D031-456D-9198-5424649ECAD3}.Debug|x86.ActiveCfg = Debug|Any CPU
		{8237CDA1-D031-456D-9198-5424649ECAD3}.Debug|x86.Build.0 = Debug|Any CPU
		{8237CDA1-D031-456D-9198-5424649ECAD3}.Release|Any CPU.ActiveCfg = Release|Any CPU
		{8237CDA1-D031-456D-9198-5424649ECAD3}.Release|Any CPU.Build.0 = Release|Any CPU
		{8237CDA1-D031-456D-9198-5424649ECAD3}.Release|x86.ActiveCfg = Release|Any CPU
		{8237CDA1-D031-456D-9198-5424649ECAD3}.Release|x86.Build.0 = Release|Any CPU
		{113D06F3-EA1A-49CD-B130-F694CE2E99C7}.Debug|Any CPU.ActiveCfg = Debug|Any CPU
		{113D06F3-EA1A-49CD-B130-F694CE2E99C7}.Debug|Any CPU.Build.0 = Debug|Any CPU
		{113D06F3-EA1A-49CD-B130-F694CE2E99C7}.Debug|x86.ActiveCfg = Debug|Any CPU
		{113D06F3-EA1A-49CD-B130-F694CE2E99C7}.Debug|x86.Build.0 = Debug|Any CPU
		{113D06F3-EA1A-49CD-B130-F694CE2E99C7}.Release|Any CPU.ActiveCfg = Release|Any CPU
		{113D06F3-EA1A-49CD-B130-F694CE2E99C7}.Release|Any CPU.Build.0 = Release|Any CPU
		{113D06F3-EA1A-49CD-B130-F694CE2E99C7}.Release|x86.ActiveCfg = Release|Any CPU
		{113D06F3-EA1A-49CD-B130-F694CE2E99C7}.Release|x86.Build.0 = Release|Any CPU
	EndGlobalSection
	GlobalSection(SolutionProperties) = preSolution
		HideSolutionNode = FALSE
	EndGlobalSection
EndGlobal
